
Microsoft Visual Studio Solution File, Format Version 12.00
# Visual Studio Version 17
VisualStudioVersion = 17.3.32819.101
MinimumVisualStudioVersion = 10.0.40219.1
Project("{FAE04EC0-301F-11D3-BF4B-00C04F79EFBC}") = "Hosting", "TestTask\Hosting.csproj", "{4021C500-8F94-44E2-877B-8B87C654975F}"
EndProject
Project("{FAE04EC0-301F-11D3-BF4B-00C04F79EFBC}") = "APIConfig", "APIConfig\APIConfig.csproj", "{B3ED6980-3796-406D-AA24-CED18712BEAA}"
EndProject
Project("{FAE04EC0-301F-11D3-BF4B-00C04F79EFBC}") = "Domain", "Domain\Domain.csproj", "{9ECDAFAA-83B1-4447-B107-E905AA87CCAF}"
EndProject
Project("{FAE04EC0-301F-11D3-BF4B-00C04F79EFBC}") = "DAL", "DAL\DAL.csproj", "{438DAB4B-6D62-41F5-B1E8-7556E3A03B37}"
EndProject
Project("{FAE04EC0-301F-11D3-BF4B-00C04F79EFBC}") = "Application", "Application\Application.csproj", "{0DBF43C9-AC72-4D1D-9295-CCE8A147E9B9}"
EndProject
Global
	GlobalSection(SolutionConfigurationPlatforms) = preSolution
		Debug|Any CPU = Debug|Any CPU
		Release|Any CPU = Release|Any CPU
	EndGlobalSection
	GlobalSection(ProjectConfigurationPlatforms) = postSolution
		{4021C500-8F94-44E2-877B-8B87C654975F}.Debug|Any CPU.ActiveCfg = Debug|Any CPU
		{4021C500-8F94-44E2-877B-8B87C654975F}.Debug|Any CPU.Build.0 = Debug|Any CPU
		{4021C500-8F94-44E2-877B-8B87C654975F}.Release|Any CPU.ActiveCfg = Release|Any CPU
		{4021C500-8F94-44E2-877B-8B87C654975F}.Release|Any CPU.Build.0 = Release|Any CPU
		{B3ED6980-3796-406D-AA24-CED18712BEAA}.Debug|Any CPU.ActiveCfg = Debug|Any CPU
		{B3ED6980-3796-406D-AA24-CED18712BEAA}.Debug|Any CPU.Build.0 = Debug|Any CPU
		{B3ED6980-3796-406D-AA24-CED18712BEAA}.Release|Any CPU.ActiveCfg = Release|Any CPU
		{B3ED6980-3796-406D-AA24-CED18712BEAA}.Release|Any CPU.Build.0 = Release|Any CPU
		{9ECDAFAA-83B1-4447-B107-E905AA87CCAF}.Debug|Any CPU.ActiveCfg = Debug|Any CPU
		{9ECDAFAA-83B1-4447-B107-E905AA87CCAF}.Debug|Any CPU.Build.0 = Debug|Any CPU
		{9ECDAFAA-83B1-4447-B107-E905AA87CCAF}.Release|Any CPU.ActiveCfg = Release|Any CPU
		{9ECDAFAA-83B1-4447-B107-E905AA87CCAF}.Release|Any CPU.Build.0 = Release|Any CPU
		{438DAB4B-6D62-41F5-B1E8-7556E3A03B37}.Debug|Any CPU.ActiveCfg = Debug|Any CPU
		{438DAB4B-6D62-41F5-B1E8-7556E3A03B37}.Debug|Any CPU.Build.0 = Debug|Any CPU
		{438DAB4B-6D62-41F5-B1E8-7556E3A03B37}.Release|Any CPU.ActiveCfg = Release|Any CPU
		{438DAB4B-6D62-41F5-B1E8-7556E3A03B37}.Release|Any CPU.Build.0 = Release|Any CPU
		{0DBF43C9-AC72-4D1D-9295-CCE8A147E9B9}.Debug|Any CPU.ActiveCfg = Debug|Any CPU
		{0DBF43C9-AC72-4D1D-9295-CCE8A147E9B9}.Debug|Any CPU.Build.0 = Debug|Any CPU
		{0DBF43C9-AC72-4D1D-9295-CCE8A147E9B9}.Release|Any CPU.ActiveCfg = Release|Any CPU
		{0DBF43C9-AC72-4D1D-9295-CCE8A147E9B9}.Release|Any CPU.Build.0 = Release|Any CPU
	EndGlobalSection
	GlobalSection(SolutionProperties) = preSolution
		HideSolutionNode = FALSE
	EndGlobalSection
	GlobalSection(ExtensibilityGlobals) = postSolution
		SolutionGuid = {5B3BF0A7-2E21-49CA-8FAD-CC45443FDA2D}
	EndGlobalSection
EndGlobal
